
Microsoft Visual Studio Solution File, Format Version 12.00
# Visual Studio Version 17
VisualStudioVersion = 17.0.32126.317
MinimumVisualStudioVersion = 10.0.40219.1
Project("{FAE04EC0-301F-11D3-BF4B-00C04F79EFBC}") = "RecipeProj", "RecipeProj.csproj", "{022F8E64-18EA-439E-9A54-88BF11D1DD48}"
EndProject
Project("{00D1A9C2-B5F0-4AF3-8072-F6C62B433612}") = "ProjectDB", "ProjectDB\ProjectDB.sqlproj", "{E6E00BAD-F2EA-4624-89F1-C886A2F181A2}"
EndProject
Global
	GlobalSection(SolutionConfigurationPlatforms) = preSolution
		Debug|Any CPU = Debug|Any CPU
		Release|Any CPU = Release|Any CPU
	EndGlobalSection
	GlobalSection(ProjectConfigurationPlatforms) = postSolution
		{022F8E64-18EA-439E-9A54-88BF11D1DD48}.Debug|Any CPU.ActiveCfg = Debug|Any CPU
		{022F8E64-18EA-439E-9A54-88BF11D1DD48}.Debug|Any CPU.Build.0 = Debug|Any CPU
		{022F8E64-18EA-439E-9A54-88BF11D1DD48}.Release|Any CPU.ActiveCfg = Release|Any CPU
		{022F8E64-18EA-439E-9A54-88BF11D1DD48}.Release|Any CPU.Build.0 = Release|Any CPU
		{E6E00BAD-F2EA-4624-89F1-C886A2F181A2}.Debug|Any CPU.ActiveCfg = Debug|Any CPU
		{E6E00BAD-F2EA-4624-89F1-C886A2F181A2}.Debug|Any CPU.Build.0 = Debug|Any CPU
		{E6E00BAD-F2EA-4624-89F1-C886A2F181A2}.Debug|Any CPU.Deploy.0 = Debug|Any CPU
		{E6E00BAD-F2EA-4624-89F1-C886A2F181A2}.Release|Any CPU.ActiveCfg = Release|Any CPU
		{E6E00BAD-F2EA-4624-89F1-C886A2F181A2}.Release|Any CPU.Build.0 = Release|Any CPU
		{E6E00BAD-F2EA-4624-89F1-C886A2F181A2}.Release|Any CPU.Deploy.0 = Release|Any CPU
	EndGlobalSection
	GlobalSection(SolutionProperties) = preSolution
		HideSolutionNode = FALSE
	EndGlobalSection
	GlobalSection(ExtensibilityGlobals) = postSolution
		SolutionGuid = {70D2DD19-FFA0-4C8F-BE6D-7C06FAA591D5}
	EndGlobalSection
EndGlobal
